
Microsoft Visual Studio Solution File, Format Version 12.00
# Visual Studio Version 17
VisualStudioVersion = 17.5.33516.290
MinimumVisualStudioVersion = 10.0.40219.1
Project("{FAE04EC0-301F-11D3-BF4B-00C04F79EFBC}") = "LeetCodeAlgorithms", "LeetCodeAlgorithms.csproj", "{3695D180-7B0D-41E9-A11B-E6DDB1E9026F}"
EndProject
Global
	GlobalSection(SolutionConfigurationPlatforms) = preSolution
		Debug|Any CPU = Debug|Any CPU
		Release|Any CPU = Release|Any CPU
	EndGlobalSection
	GlobalSection(ProjectConfigurationPlatforms) = postSolution
		{3695D180-7B0D-41E9-A11B-E6DDB1E9026F}.Debug|Any CPU.ActiveCfg = Debug|Any CPU
		{3695D180-7B0D-41E9-A11B-E6DDB1E9026F}.Debug|Any CPU.Build.0 = Debug|Any CPU
		{3695D180-7B0D-41E9-A11B-E6DDB1E9026F}.Release|Any CPU.ActiveCfg = Release|Any CPU
		{3695D180-7B0D-41E9-A11B-E6DDB1E9026F}.Release|Any CPU.Build.0 = Release|Any CPU
	EndGlobalSection
	GlobalSection(SolutionProperties) = preSolution
		HideSolutionNode = FALSE
	EndGlobalSection
	GlobalSection(ExtensibilityGlobals) = postSolution
		SolutionGuid = {0A467C5B-B425-42DA-B038-E1044F1FE901}
	EndGlobalSection
EndGlobal
